// !$*UTF8*$!
{
	archiveVersion = 1;
	classes = {
	};
	objectVersion = 46;
	objects = {

/* Begin PBXBuildFile section */
		4A97D04B1EA4CB0C00E7C205 /* main.m in Sources */ = {isa = PBXBuildFile; fileRef = 4A97D04A1EA4CB0C00E7C205 /* main.m */; };
		4A97D04E1EA4CB0C00E7C205 /* AppDelegate.m in Sources */ = {isa = PBXBuildFile; fileRef = 4A97D04D1EA4CB0C00E7C205 /* AppDelegate.m */; };
		4A97D0511EA4CB0C00E7C205 /* ViewController.m in Sources */ = {isa = PBXBuildFile; fileRef = 4A97D0501EA4CB0C00E7C205 /* ViewController.m */; };
		4A97D0561EA4CB0C00E7C205 /* Assets.xcassets in Resources */ = {isa = PBXBuildFile; fileRef = 4A97D0551EA4CB0C00E7C205 /* Assets.xcassets */; };
		4A97D0591EA4CB0C00E7C205 /* LaunchScreen.storyboard in Resources */ = {isa = PBXBuildFile; fileRef = 4A97D0571EA4CB0C00E7C205 /* LaunchScreen.storyboard */; };
		4A97D0621EA4CB7800E7C205 /* WWProcessView.m in Sources */ = {isa = PBXBuildFile; fileRef = 4A97D0611EA4CB7800E7C205 /* WWProcessView.m */; };
		4A97D0641EA4CBA600E7C205 /* Main.storyboard in Resources */ = {isa = PBXBuildFile; fileRef = 4A97D0631EA4CBA600E7C205 /* Main.storyboard */; };
/* End PBXBuildFile section */

/* Begin PBXFileReference section */
		4A97D0461EA4CB0C00E7C205 /* CoreGraphics基础.app */ = {isa = PBXFileReference; explicitFileType = wrapper.application; includeInIndex = 0; path = "CoreGraphics基础.app"; sourceTree = BUILT_PRODUCTS_DIR; };
		4A97D04A1EA4CB0C00E7C205 /* main.m */ = {isa = PBXFileReference; lastKnownFileType = sourcecode.c.objc; path = main.m; sourceTree = "<group>"; };
		4A97D04C1EA4CB0C00E7C205 /* AppDelegate.h */ = {isa = PBXFileReference; lastKnownFileType = sourcecode.c.h; path = AppDelegate.h; sourceTree = "<group>"; };
		4A97D04D1EA4CB0C00E7C205 /* AppDelegate.m */ = {isa = PBXFileReference; lastKnownFileType = sourcecode.c.objc; path = AppDelegate.m; sourceTree = "<group>"; };
		4A97D04F1EA4CB0C00E7C205 /* ViewController.h */ = {isa = PBXFileReference; lastKnownFileType = sourcecode.c.h; path = ViewController.h; sourceTree = "<group>"; };
		4A97D0501EA4CB0C00E7C205 /* ViewController.m */ = {isa = PBXFileReference; lastKnownFileType = sourcecode.c.objc; path = ViewController.m; sourceTree = "<group>"; };
		4A97D0551EA4CB0C00E7C205 /* Assets.xcassets */ = {isa = PBXFileReference; lastKnownFileType = folder.assetcatalog; path = Assets.xcassets; sourceTree = "<group>"; };
		4A97D0581EA4CB0C00E7C205 /* Base */ = {isa = PBXFileReference; lastKnownFileType = file.storyboard; name = Base; path = Base.lproj/LaunchScreen.storyboard; sourceTree = "<group>"; };
		4A97D05A1EA4CB0C00E7C205 /* Info.plist */ = {isa = PBXFileReference; lastKnownFileType = text.plist.xml; path = Info.plist; sourceTree = "<group>"; };
		4A97D0601EA4CB7800E7C205 /* WWProcessView.h */ = {isa = PBXFileReference; fileEncoding = 4; lastKnownFileType = sourcecode.c.h; path = WWProcessView.h; sourceTree = "<group>"; };
		4A97D0611EA4CB7800E7C205 /* WWProcessView.m */ = {isa = PBXFileReference; fileEncoding = 4; lastKnownFileType = sourcecode.c.objc; path = WWProcessView.m; sourceTree = "<group>"; };
		4A97D0631EA4CBA600E7C205 /* Main.storyboard */ = {isa = PBXFileReference; fileEncoding = 4; lastKnownFileType = file.storyboard; path = Main.storyboard; sourceTree = "<group>"; };
/* End PBXFileReference section */

/* Begin PBXFrameworksBuildPhase section */
		4A97D0431EA4CB0C00E7C205 /* Frameworks */ = {
			isa = PBXFrameworksBuildPhase;
			buildActionMask = 2147483647;
			files = (
			);
			runOnlyForDeploymentPostprocessing = 0;
		};
/* End PBXFrameworksBuildPhase section */

/* Begin PBXGroup section */
		4A97D03D1EA4CB0C00E7C205 = {
			isa = PBXGroup;
			children = (
				4A97D0481EA4CB0C00E7C205 /* CoreGraphics基础 */,
				4A97D0471EA4CB0C00E7C205 /* Products */,
			);
			sourceTree = "<group>";
		};
		4A97D0471EA4CB0C00E7C205 /* Products */ = {
			isa = PBXGroup;
			children = (
				4A97D0461EA4CB0C00E7C205 /* CoreGraphics基础.app */,
			);
			name = Products;
			sourceTree = "<group>";
		};
		4A97D0481EA4CB0C00E7C205 /* CoreGraphics基础 */ = {
			isa = PBXGroup;
			children = (
				4A97D04C1EA4CB0C00E7C205 /* AppDelegate.h */,
				4A97D04D1EA4CB0C00E7C205 /* AppDelegate.m */,
				4A97D0601EA4CB7800E7C205 /* WWProcessView.h */,
				4A97D0611EA4CB7800E7C205 /* WWProcessView.m */,
				4A97D04F1EA4CB0C00E7C205 /* ViewController.h */,
				4A97D0501EA4CB0C00E7C205 /* ViewController.m */,
				4A97D0551EA4CB0C00E7C205 /* Assets.xcassets */,
				4A97D0631EA4CBA600E7C205 /* Main.storyboard */,
				4A97D0571EA4CB0C00E7C205 /* LaunchScreen.storyboard */,
				4A97D05A1EA4CB0C00E7C205 /* Info.plist */,
				4A97D0491EA4CB0C00E7C205 /* Supporting Files */,
			);
			path = "CoreGraphics基础";
			sourceTree = "<group>";
		};
		4A97D0491EA4CB0C00E7C205 /* Supporting Files */ = {
			isa = PBXGroup;
			children = (
				4A97D04A1EA4CB0C00E7C205 /* main.m */,
			);
			name = "Supporting Files";
			sourceTree = "<group>";
		};
/* End PBXGroup section */

/* Begin PBXNativeTarget section */
		4A97D0451EA4CB0C00E7C205 /* CoreGraphics基础 */ = {
			isa = PBXNativeTarget;
			buildConfigurationList = 4A97D05D1EA4CB0C00E7C205 /* Build configuration list for PBXNativeTarget "CoreGraphics基础" */;
			buildPhases = (
				4A97D0421EA4CB0C00E7C205 /* Sources */,
				4A97D0431EA4CB0C00E7C205 /* Frameworks */,
				4A97D0441EA4CB0C00E7C205 /* Resources */,
			);
			buildRules = (
			);
			dependencies = (
			);
			name = "CoreGraphics基础";
			productName = "CoreGraphics基础";
			productReference = 4A97D0461EA4CB0C00E7C205 /* CoreGraphics基础.app */;
			productType = "com.apple.product-type.application";
		};
/* End PBXNativeTarget section */

/* Begin PBXProject section */
		4A97D03E1EA4CB0C00E7C205 /* Project object */ = {
			isa = PBXProject;
			attributes = {
				LastUpgradeCheck = 0820;
				ORGANIZATIONNAME = "王伟";
				TargetAttributes = {
					4A97D0451EA4CB0C00E7C205 = {
						CreatedOnToolsVersion = 8.2;
						DevelopmentTeam = 29DEX85WKV;
						ProvisioningStyle = Automatic;
					};
				};
			};
			buildConfigurationList = 4A97D0411EA4CB0C00E7C205 /* Build configuration list for PBXProject "CoreGraphics基础" */;
			compatibilityVersion = "Xcode 3.2";
			developmentRegion = English;
			hasScannedForEncodings = 0;
			knownRegions = (
				en,
				Base,
			);
			mainGroup = 4A97D03D1EA4CB0C00E7C205;
			productRefGroup = 4A97D0471EA4CB0C00E7C205 /* Products */;
			projectDirPath = "";
			projectRoot = "";
			targets = (
				4A97D0451EA4CB0C00E7C205 /* CoreGraphics基础 */,
			);
		};
/* End PBXProject section */

/* Begin PBXResourcesBuildPhase section */
		4A97D0441EA4CB0C00E7C205 /* Resources */ = {
			isa = PBXResourcesBuildPhase;
			buildActionMask = 2147483647;
			files = (
				4A97D0641EA4CBA600E7C205 /* Main.storyboard in Resources */,
				4A97D0591EA4CB0C00E7C205 /* LaunchScreen.storyboard in Resources */,
				4A97D0561EA4CB0C00E7C205 /* Assets.xcassets in Resources */,
			);
			runOnlyForDeploymentPostprocessing = 0;
		};
/* End PBXResourcesBuildPhase section */

/* Begin PBXSourcesBuildPhase section */
		4A97D0421EA4CB0C00E7C205 /* Sources */ = {
			isa = PBXSourcesBuildPhase;
			buildActionMask = 2147483647;
			files = (
				4A97D0511EA4CB0C00E7C205 /* ViewController.m in Sources */,
				4A97D04E1EA4CB0C00E7C205 /* AppDelegate.m in Sources */,
				4A97D0621EA4CB7800E7C205 /* WWProcessView.m in Sources */,
				4A97D04B1EA4CB0C00E7C205 /* main.m in Sources */,
			);
			runOnlyForDeploymentPostprocessing = 0;
		};
/* End PBXSourcesBuildPhase section */

/* Begin PBXVariantGroup section */
		4A97D0571EA4CB0C00E7C205 /* LaunchScreen.storyboard */ = {
			isa = PBXVariantGroup;
			children = (
				4A97D0581EA4CB0C00E7C205 /* Base */,
			);
			name = LaunchScreen.storyboard;
			sourceTree = "<group>";
		};
/* End PBXVariantGroup section */

/* Begin XCBuildConfiguration section */
		4A97D05B1EA4CB0C00E7C205 /* Debug */ = {
			isa = XCBuildConfiguration;
			buildSettings = {
				ALWAYS_SEARCH_USER_PATHS = NO;
				CLANG_ANALYZER_NONNULL = YES;
				CLANG_CXX_LANGUAGE_STANDARD = "gnu++0x";
				CLANG_CXX_LIBRARY = "libc++";
				CLANG_ENABLE_MODULES = YES;
				CLANG_ENABLE_OBJC_ARC = YES;
				CLANG_WARN_BOOL_CONVERSION = YES;
				CLANG_WARN_CONSTANT_CONVERSION = YES;
				CLANG_WARN_DIRECT_OBJC_ISA_USAGE = YES_ERROR;
				CLANG_WARN_DOCUMENTATION_COMMENTS = YES;
				CLANG_WARN_EMPTY_BODY = YES;
				CLANG_WARN_ENUM_CONVERSION = YES;
				CLANG_WARN_INFINITE_RECURSION = YES;
				CLANG_WARN_INT_CONVERSION = YES;
				CLANG_WARN_OBJC_ROOT_CLASS = YES_ERROR;
				CLANG_WARN_SUSPICIOUS_MOVE = YES;
				CLANG_WARN_UNREACHABLE_CODE = YES;
				CLANG_WARN__DUPLICATE_METHOD_MATCH = YES;
				"CODE_SIGN_IDENTITY[sdk=iphoneos*]" = "iPhone Developer";
				COPY_PHASE_STRIP = NO;
				DEBUG_INFORMATION_FORMAT = dwarf;
				ENABLE_STRICT_OBJC_MSGSEND = YES;
				ENABLE_TESTABILITY = YES;
				GCC_C_LANGUAGE_STANDARD = gnu99;
				GCC_DYNAMIC_NO_PIC = NO;
				GCC_NO_COMMON_BLOCKS = YES;
				GCC_OPTIMIZATION_LEVEL = 0;
				GCC_PREPROCESSOR_DEFINITIONS = (
					"DEBUG=1",
					"$(inherited)",
				);
				GCC_WARN_64_TO_32_BIT_CONVERSION = YES;
				GCC_WARN_ABOUT_RETURN_TYPE = YES_ERROR;
				GCC_WARN_UNDECLARED_SELECTOR = YES;
				GCC_WARN_UNINITIALIZED_AUTOS = YES_AGGRESSIVE;
				GCC_WARN_UNUSED_FUNCTION = YES;
				GCC_WARN_UNUSED_VARIABLE = YES;
				IPHONEOS_DEPLOYMENT_TARGET = 10.2;
				MTL_ENABLE_DEBUG_INFO = YES;
				ONLY_ACTIVE_ARCH = YES;
				SDKROOT = iphoneos;
			};
			name = Debug;
		};
		4A97D05C1EA4CB0C00E7C205 /* Release */ = {
			isa = XCBuildConfiguration;
			buildSettings = {
				ALWAYS_SEARCH_USER_PATHS = NO;
				CLANG_ANALYZER_NONNULL = YES;
				CLANG_CXX_LANGUAGE_STANDARD = "gnu++0x";
				CLANG_CXX_LIBRARY = "libc++";
				CLANG_ENABLE_MODULES = YES;
				CLANG_ENABLE_OBJC_ARC = YES;
				CLANG_WARN_BOOL_CONVERSION = YES;
				CLANG_WARN_CONSTANT_CONVERSION = YES;
				CLANG_WARN_DIRECT_OBJC_ISA_USAGE = YES_ERROR;
				CLANG_WARN_DOCUMENTATION_COMMENTS = YES;
				CLANG_WARN_EMPTY_BODY = YES;
				CLANG_WARN_ENUM_CONVERSION = YES;
				CLANG_WARN_INFINITE_RECURSION = YES;
				CLANG_WARN_INT_CONVERSION = YES;
				CLANG_WARN_OBJC_ROOT_CLASS = YES_ERROR;
				CLANG_WARN_SUSPICIOUS_MOVE = YES;
				CLANG_WARN_UNREACHABLE_CODE = YES;
				CLANG_WARN__DUPLICATE_METHOD_MATCH = YES;
				"CODE_SIGN_IDENTITY[sdk=iphoneos*]" = "iPhone Developer";
				COPY_PHASE_STRIP = NO;
				DEBUG_INFORMATION_FORMAT = "dwarf-with-dsym";
				ENABLE_NS_ASSERTIONS = NO;
				ENABLE_STRICT_OBJC_MSGSEND = YES;
				GCC_C_LANGUAGE_STANDARD = gnu99;
				GCC_NO_COMMON_BLOCKS = YES;
				GCC_WARN_64_TO_32_BIT_CONVERSION = YES;
				GCC_WARN_ABOUT_RETURN_TYPE = YES_ERROR;
				GCC_WARN_UNDECLARED_SELECTOR = YES;
				GCC_WARN_UNINITIALIZED_AUTOS = YES_AGGRESSIVE;
				GCC_WARN_UNUSED_FUNCTION = YES;
				GCC_WARN_UNUSED_VARIABLE = YES;
				IPHONEOS_DEPLOYMENT_TARGET = 10.2;
				MTL_ENABLE_DEBUG_INFO = NO;
				SDKROOT = iphoneos;
				VALIDATE_PRODUCT = YES;
			};
			name = Release;
		};
		4A97D05E1EA4CB0C00E7C205 /* Debug */ = {
			isa = XCBuildConfiguration;
			buildSettings = {
				ASSETCATALOG_COMPILER_APPICON_NAME = AppIcon;
				DEVELOPMENT_TEAM = 29DEX85WKV;
				INFOPLIST_FILE = "CoreGraphics基础/Info.plist";
				LD_RUNPATH_SEARCH_PATHS = "$(inherited) @executable_path/Frameworks";
				PRODUCT_BUNDLE_IDENTIFIER = "com.WangWei19931120.CoreGraphics--";
				PRODUCT_NAME = "$(TARGET_NAME)";
			};
			name = Debug;
		};
		4A97D05F1EA4CB0C00E7C205 /* Release */ = {
			isa = XCBuildConfiguration;
			buildSettings = {
				ASSETCATALOG_COMPILER_APPICON_NAME = AppIcon;
				DEVELOPMENT_TEAM = 29DEX85WKV;
				INFOPLIST_FILE = "CoreGraphics基础/Info.plist";
				LD_RUNPATH_SEARCH_PATHS = "$(inherited) @executable_path/Frameworks";
				PRODUCT_BUNDLE_IDENTIFIER = "com.WangWei19931120.CoreGraphics--";
				PRODUCT_NAME = "$(TARGET_NAME)";
			};
			name = Release;
		};
/* End XCBuildConfiguration section */

/* Begin XCConfigurationList section */
		4A97D0411EA4CB0C00E7C205 /* Build configuration list for PBXProject "CoreGraphics基础" */ = {
			isa = XCConfigurationList;
			buildConfigurations = (
				4A97D05B1EA4CB0C00E7C205 /* Debug */,
				4A97D05C1EA4CB0C00E7C205 /* Release */,
			);
			defaultConfigurationIsVisible = 0;
			defaultConfigurationName = Release;
		};
		4A97D05D1EA4CB0C00E7C205 /* Build configuration list for PBXNativeTarget "CoreGraphics基础" */ = {
			isa = XCConfigurationList;
			buildConfigurations = (
				4A97D05E1EA4CB0C00E7C205 /* Debug */,
				4A97D05F1EA4CB0C00E7C205 /* Release */,
			);
			defaultConfigurationIsVisible = 0;
			defaultConfigurationName = Release;
		};
/* End XCConfigurationList section */
	};
	rootObject = 4A97D03E1EA4CB0C00E7C205 /* Project object */;
}
